Microsoft Visual Studio Solution File, Format Version 12.00
# Visual Studio Version 17
VisualStudioVersion = 17.5.2.0
MinimumVisualStudioVersion = 10.0.40219.1
Project("{2150E333-8FDC-42A3-9474-1A3956D46DE8}") = "AplikacjeKonsolowe", "AplikacjeKonsolowe", "{AA7BE405-49E3-05F6-E8A5-7774B40C6EE1}"
EndProject
Project("{2150E333-8FDC-42A3-9474-1A3956D46DE8}") = "ProgramyMatematyczne", "ProgramyMatematyczne", "{08332F7A-6EB1-3FD3-AEB7-723299A3BE9E}"
EndProject
Project("{FAE04EC0-301F-11D3-BF4B-00C04F79EFBC}") = "AplikacjaLotnicza", "AplikacjeKonsolowe\AplikacjaLotnicza\AplikacjaLotnicza.csproj", "{04E7EC89-7B3D-2294-9FF4-6BF0243B5F21}"
EndProject
Project("{FAE04EC0-301F-11D3-BF4B-00C04F79EFBC}") = "Apteka", "AplikacjeKonsolowe\Apteka\Apteka.csproj", "{780F8918-8B58-FCCE-A004-FD1BE9D7D9D5}"
EndProject
Project("{FAE04EC0-301F-11D3-BF4B-00C04F79EFBC}") = "Implementacja_algorytmow", "AplikacjeKonsolowe\Implementacja_algorytmow\Implementacja_algorytmow.csproj", "{8F4B122B-F881-07AC-28F3-423D93F4BA01}"
EndProject
Project("{FAE04EC0-301F-11D3-BF4B-00C04F79EFBC}") = "KalkulatorNapojow", "AplikacjeKonsolowe\KalkulatorNapojow\KalkulatorNapojow.csproj", "{ED421C39-3C2E-6D9D-E5AC-E8E7E5199F15}"
EndProject
Project("{FAE04EC0-301F-11D3-BF4B-00C04F79EFBC}") = "Kapitalizacja", "AplikacjeKonsolowe\Kapitalizacja\Kapitalizacja.csproj", "{175DEC84-87FD-B1A5-611F-1F1AF55E3983}"
EndProject
Project("{FAE04EC0-301F-11D3-BF4B-00C04F79EFBC}") = "LiczbaKlientow", "AplikacjeKonsolowe\LiczbaKlientow\LiczbaKlientow.csproj", "{82F95013-8A62-0E13-AA7E-EAA69A4A26E6}"
EndProject
Project("{FAE04EC0-301F-11D3-BF4B-00C04F79EFBC}") = "Magazyn", "AplikacjeKonsolowe\Magazyn\Magazyn.csproj", "{F16A9F5B-ED84-7167-7EB9-B08F1BEEEC08}"
EndProject
Project("{FAE04EC0-301F-11D3-BF4B-00C04F79EFBC}") = "Pyramida", "AplikacjeKonsolowe\Pyramida\Pyramida.csproj", "{7454F942-C46F-0410-917F-D8113276F667}"
EndProject
Project("{FAE04EC0-301F-11D3-BF4B-00C04F79EFBC}") = "Fibonacci", "ProgramyMatematyczne\Fibonacci\Fibonacci.csproj", "{2EA7A72F-1A90-05EC-75C8-A51080989DE4}"
EndProject
Project("{FAE04EC0-301F-11D3-BF4B-00C04F79EFBC}") = "HazardGame", "ProgramyMatematyczne\HazardGame\HazardGame.csproj", "{C54F419E-EB8B-0B2E-47C1-6D1B261D5783}"
EndProject
Project("{FAE04EC0-301F-11D3-BF4B-00C04F79EFBC}") = "Kalkulator", "ProgramyMatematyczne\Kalkulator\Kalkulator.csproj", "{8E41968C-19B7-2E47-4628-202DD8B205ED}"
EndProject
Project("{FAE04EC0-301F-11D3-BF4B-00C04F79EFBC}") = "LiczbyParzysteINie", "ProgramyMatematyczne\LiczbyParzysteINie\LiczbyParzysteINie.csproj", "{27A75E6C-41DE-EA95-4200-4CF5FCC4BA06}"
EndProject
Project("{FAE04EC0-301F-11D3-BF4B-00C04F79EFBC}") = "LiczbyPierwsze", "ProgramyMatematyczne\LiczbyPierwsze\LiczbyPierwsze.csproj", "{5D6E5051-B2A2-20D4-A3B0-191FA248E34A}"
EndProject
Project("{FAE04EC0-301F-11D3-BF4B-00C04F79EFBC}") = "OdwracanieLiczby", "ProgramyMatematyczne\OdwracanieLiczby\OdwracanieLiczby.csproj", "{E5EB03F0-C94A-2230-E89E-C5B5CC17365E}"
EndProject
Project("{FAE04EC0-301F-11D3-BF4B-00C04F79EFBC}") = "PoleKwadratu", "ProgramyMatematyczne\PoleKwadratu\PoleKwadratu.csproj", "{7B0E6424-51FE-4028-31B6-ED9C4AFDBEE2}"
EndProject
Project("{FAE04EC0-301F-11D3-BF4B-00C04F79EFBC}") = "Prostokat", "ProgramyMatematyczne\Prostokat\Prostokat.csproj", "{D084F154-D7C5-7946-CBFE-3CE4C0D608F5}"
EndProject
Project("{FAE04EC0-301F-11D3-BF4B-00C04F79EFBC}") = "Silnia", "ProgramyMatematyczne\Silnia\Silnia.csproj", "{CB103E2C-98B1-47AB-63BB-937E9F4E33AB}"
EndProject
Project("{FAE04EC0-301F-11D3-BF4B-00C04F79EFBC}") = "SumowanieLiczb", "ProgramyMatematyczne\SumowanieLiczb\SumowanieLiczb.csproj", "{6169040C-2B1E-03D2-EBE0-DCDB4AA6A354}"
EndProject
Project("{FAE04EC0-301F-11D3-BF4B-00C04F79EFBC}") = "TabliczkaMnozenia", "ProgramyMatematyczne\TabliczkaMnozenia\TabliczkaMnozenia.csproj", "{E3CB8BAD-F3AE-26D4-4371-1232D5BACDC6}"
EndProject
Global
	GlobalSection(SolutionConfigurationPlatforms) = preSolution
		Debug|Any CPU = Debug|Any CPU
		Release|Any CPU = Release|Any CPU
	EndGlobalSection
	GlobalSection(ProjectConfigurationPlatforms) = postSolution
		{04E7EC89-7B3D-2294-9FF4-6BF0243B5F21}.Debug|Any CPU.ActiveCfg = Debug|Any CPU
		{04E7EC89-7B3D-2294-9FF4-6BF0243B5F21}.Debug|Any CPU.Build.0 = Debug|Any CPU
		{04E7EC89-7B3D-2294-9FF4-6BF0243B5F21}.Release|Any CPU.ActiveCfg = Release|Any CPU
		{04E7EC89-7B3D-2294-9FF4-6BF0243B5F21}.Release|Any CPU.Build.0 = Release|Any CPU
		{780F8918-8B58-FCCE-A004-FD1BE9D7D9D5}.Debug|Any CPU.ActiveCfg = Debug|Any CPU
		{780F8918-8B58-FCCE-A004-FD1BE9D7D9D5}.Debug|Any CPU.Build.0 = Debug|Any CPU
		{780F8918-8B58-FCCE-A004-FD1BE9D7D9D5}.Release|Any CPU.ActiveCfg = Release|Any CPU
		{780F8918-8B58-FCCE-A004-FD1BE9D7D9D5}.Release|Any CPU.Build.0 = Release|Any CPU
		{8F4B122B-F881-07AC-28F3-423D93F4BA01}.Debug|Any CPU.ActiveCfg = Debug|Any CPU
		{8F4B122B-F881-07AC-28F3-423D93F4BA01}.Debug|Any CPU.Build.0 = Debug|Any CPU
		{8F4B122B-F881-07AC-28F3-423D93F4BA01}.Release|Any CPU.ActiveCfg = Release|Any CPU
		{8F4B122B-F881-07AC-28F3-423D93F4BA01}.Release|Any CPU.Build.0 = Release|Any CPU
		{ED421C39-3C2E-6D9D-E5AC-E8E7E5199F15}.Debug|Any CPU.ActiveCfg = Debug|Any CPU
		{ED421C39-3C2E-6D9D-E5AC-E8E7E5199F15}.Debug|Any CPU.Build.0 = Debug|Any CPU
		{ED421C39-3C2E-6D9D-E5AC-E8E7E5199F15}.Release|Any CPU.ActiveCfg = Release|Any CPU
		{ED421C39-3C2E-6D9D-E5AC-E8E7E5199F15}.Release|Any CPU.Build.0 = Release|Any CPU
		{175DEC84-87FD-B1A5-611F-1F1AF55E3983}.Debug|Any CPU.ActiveCfg = Debug|Any CPU
		{175DEC84-87FD-B1A5-611F-1F1AF55E3983}.Debug|Any CPU.Build.0 = Debug|Any CPU
		{175DEC84-87FD-B1A5-611F-1F1AF55E3983}.Release|Any CPU.ActiveCfg = Release|Any CPU
		{175DEC84-87FD-B1A5-611F-1F1AF55E3983}.Release|Any CPU.Build.0 = Release|Any CPU
		{82F95013-8A62-0E13-AA7E-EAA69A4A26E6}.Debug|Any CPU.ActiveCfg = Debug|Any CPU
		{82F95013-8A62-0E13-AA7E-EAA69A4A26E6}.Debug|Any CPU.Build.0 = Debug|Any CPU
		{82F95013-8A62-0E13-AA7E-EAA69A4A26E6}.Release|Any CPU.ActiveCfg = Release|Any CPU
		{82F95013-8A62-0E13-AA7E-EAA69A4A26E6}.Release|Any CPU.Build.0 = Release|Any CPU
		{F16A9F5B-ED84-7167-7EB9-B08F1BEEEC08}.Debug|Any CPU.ActiveCfg = Debug|Any CPU
		{F16A9F5B-ED84-7167-7EB9-B08F1BEEEC08}.Debug|Any CPU.Build.0 = Debug|Any CPU
		{F16A9F5B-ED84-7167-7EB9-B08F1BEEEC08}.Release|Any CPU.ActiveCfg = Release|Any CPU
		{F16A9F5B-ED84-7167-7EB9-B08F1BEEEC08}.Release|Any CPU.Build.0 = Release|Any CPU
		{7454F942-C46F-0410-917F-D8113276F667}.Debug|Any CPU.ActiveCfg = Debug|Any CPU
		{7454F942-C46F-0410-917F-D8113276F667}.Debug|Any CPU.Build.0 = Debug|Any CPU
		{7454F942-C46F-0410-917F-D8113276F667}.Release|Any CPU.ActiveCfg = Release|Any CPU
		{7454F942-C46F-0410-917F-D8113276F667}.Release|Any CPU.Build.0 = Release|Any CPU
		{2EA7A72F-1A90-05EC-75C8-A51080989DE4}.Debug|Any CPU.ActiveCfg = Debug|Any CPU
		{2EA7A72F-1A90-05EC-75C8-A51080989DE4}.Debug|Any CPU.Build.0 = Debug|Any CPU
		{2EA7A72F-1A90-05EC-75C8-A51080989DE4}.Release|Any CPU.ActiveCfg = Release|Any CPU
		{2EA7A72F-1A90-05EC-75C8-A51080989DE4}.Release|Any CPU.Build.0 = Release|Any CPU
		{C54F419E-EB8B-0B2E-47C1-6D1B261D5783}.Debug|Any CPU.ActiveCfg = Debug|Any CPU
		{C54F419E-EB8B-0B2E-47C1-6D1B261D5783}.Debug|Any CPU.Build.0 = Debug|Any CPU
		{C54F419E-EB8B-0B2E-47C1-6D1B261D5783}.Release|Any CPU.ActiveCfg = Release|Any CPU
		{C54F419E-EB8B-0B2E-47C1-6D1B261D5783}.Release|Any CPU.Build.0 = Release|Any CPU
		{8E41968C-19B7-2E47-4628-202DD8B205ED}.Debug|Any CPU.ActiveCfg = Debug|Any CPU
		{8E41968C-19B7-2E47-4628-202DD8B205ED}.Debug|Any CPU.Build.0 = Debug|Any CPU
		{8E41968C-19B7-2E47-4628-202DD8B205ED}.Release|Any CPU.ActiveCfg = Release|Any CPU
		{8E41968C-19B7-2E47-4628-202DD8B205ED}.Release|Any CPU.Build.0 = Release|Any CPU
		{27A75E6C-41DE-EA95-4200-4CF5FCC4BA06}.Debug|Any CPU.ActiveCfg = Debug|Any CPU
		{27A75E6C-41DE-EA95-4200-4CF5FCC4BA06}.Debug|Any CPU.Build.0 = Debug|Any CPU
		{27A75E6C-41DE-EA95-4200-4CF5FCC4BA06}.Release|Any CPU.ActiveCfg = Release|Any CPU
		{27A75E6C-41DE-EA95-4200-4CF5FCC4BA06}.Release|Any CPU.Build.0 = Release|Any CPU
		{5D6E5051-B2A2-20D4-A3B0-191FA248E34A}.Debug|Any CPU.ActiveCfg = Debug|Any CPU
		{5D6E5051-B2A2-20D4-A3B0-191FA248E34A}.Debug|Any CPU.Build.0 = Debug|Any CPU
		{5D6E5051-B2A2-20D4-A3B0-191FA248E34A}.Release|Any CPU.ActiveCfg = Release|Any CPU
		{5D6E5051-B2A2-20D4-A3B0-191FA248E34A}.Release|Any CPU.Build.0 = Release|Any CPU
		{E5EB03F0-C94A-2230-E89E-C5B5CC17365E}.Debug|Any CPU.ActiveCfg = Debug|Any CPU
		{E5EB03F0-C94A-2230-E89E-C5B5CC17365E}.Debug|Any CPU.Build.0 = Debug|Any CPU
		{E5EB03F0-C94A-2230-E89E-C5B5CC17365E}.Release|Any CPU.ActiveCfg = Release|Any CPU
		{E5EB03F0-C94A-2230-E89E-C5B5CC17365E}.Release|Any CPU.Build.0 = Release|Any CPU
		{7B0E6424-51FE-4028-31B6-ED9C4AFDBEE2}.Debug|Any CPU.ActiveCfg = Debug|Any CPU
		{7B0E6424-51FE-4028-31B6-ED9C4AFDBEE2}.Debug|Any CPU.Build.0 = Debug|Any CPU
		{7B0E6424-51FE-4028-31B6-ED9C4AFDBEE2}.Release|Any CPU.ActiveCfg = Release|Any CPU
		{7B0E6424-51FE-4028-31B6-ED9C4AFDBEE2}.Release|Any CPU.Build.0 = Release|Any CPU
		{D084F154-D7C5-7946-CBFE-3CE4C0D608F5}.Debug|Any CPU.ActiveCfg = Debug|Any CPU
		{D084F154-D7C5-7946-CBFE-3CE4C0D608F5}.Debug|Any CPU.Build.0 = Debug|Any CPU
		{D084F154-D7C5-7946-CBFE-3CE4C0D608F5}.Release|Any CPU.ActiveCfg = Release|Any CPU
		{D084F154-D7C5-7946-CBFE-3CE4C0D608F5}.Release|Any CPU.Build.0 = Release|Any CPU
		{CB103E2C-98B1-47AB-63BB-937E9F4E33AB}.Debug|Any CPU.ActiveCfg = Debug|Any CPU
		{CB103E2C-98B1-47AB-63BB-937E9F4E33AB}.Debug|Any CPU.Build.0 = Debug|Any CPU
		{CB103E2C-98B1-47AB-63BB-937E9F4E33AB}.Release|Any CPU.ActiveCfg = Release|Any CPU
		{CB103E2C-98B1-47AB-63BB-937E9F4E33AB}.Release|Any CPU.Build.0 = Release|Any CPU
		{6169040C-2B1E-03D2-EBE0-DCDB4AA6A354}.Debug|Any CPU.ActiveCfg = Debug|Any CPU
		{6169040C-2B1E-03D2-EBE0-DCDB4AA6A354}.Debug|Any CPU.Build.0 = Debug|Any CPU
		{6169040C-2B1E-03D2-EBE0-DCDB4AA6A354}.Release|Any CPU.ActiveCfg = Release|Any CPU
		{6169040C-2B1E-03D2-EBE0-DCDB4AA6A354}.Release|Any CPU.Build.0 = Release|Any CPU
		{E3CB8BAD-F3AE-26D4-4371-1232D5BACDC6}.Debug|Any CPU.ActiveCfg = Debug|Any CPU
		{E3CB8BAD-F3AE-26D4-4371-1232D5BACDC6}.Debug|Any CPU.Build.0 = Debug|Any CPU
		{E3CB8BAD-F3AE-26D4-4371-1232D5BACDC6}.Release|Any CPU.ActiveCfg = Release|Any CPU
		{E3CB8BAD-F3AE-26D4-4371-1232D5BACDC6}.Release|Any CPU.Build.0 = Release|Any CPU
	EndGlobalSection
	GlobalSection(SolutionProperties) = preSolution
		HideSolutionNode = FALSE
	EndGlobalSection
	GlobalSection(NestedProjects) = preSolution
		{04E7EC89-7B3D-2294-9FF4-6BF0243B5F21} = {AA7BE405-49E3-05F6-E8A5-7774B40C6EE1}
		{780F8918-8B58-FCCE-A004-FD1BE9D7D9D5} = {AA7BE405-49E3-05F6-E8A5-7774B40C6EE1}
		{8F4B122B-F881-07AC-28F3-423D93F4BA01} = {AA7BE405-49E3-05F6-E8A5-7774B40C6EE1}
		{ED421C39-3C2E-6D9D-E5AC-E8E7E5199F15} = {AA7BE405-49E3-05F6-E8A5-7774B40C6EE1}
		{175DEC84-87FD-B1A5-611F-1F1AF55E3983} = {AA7BE405-49E3-05F6-E8A5-7774B40C6EE1}
		{82F95013-8A62-0E13-AA7E-EAA69A4A26E6} = {AA7BE405-49E3-05F6-E8A5-7774B40C6EE1}
		{F16A9F5B-ED84-7167-7EB9-B08F1BEEEC08} = {AA7BE405-49E3-05F6-E8A5-7774B40C6EE1}
		{7454F942-C46F-0410-917F-D8113276F667} = {AA7BE405-49E3-05F6-E8A5-7774B40C6EE1}
		{2EA7A72F-1A90-05EC-75C8-A51080989DE4} = {08332F7A-6EB1-3FD3-AEB7-723299A3BE9E}
		{C54F419E-EB8B-0B2E-47C1-6D1B261D5783} = {08332F7A-6EB1-3FD3-AEB7-723299A3BE9E}
		{8E41968C-19B7-2E47-4628-202DD8B205ED} = {08332F7A-6EB1-3FD3-AEB7-723299A3BE9E}
		{27A75E6C-41DE-EA95-4200-4CF5FCC4BA06} = {08332F7A-6EB1-3FD3-AEB7-723299A3BE9E}
		{5D6E5051-B2A2-20D4-A3B0-191FA248E34A} = {08332F7A-6EB1-3FD3-AEB7-723299A3BE9E}
		{E5EB03F0-C94A-2230-E89E-C5B5CC17365E} = {08332F7A-6EB1-3FD3-AEB7-723299A3BE9E}
		{7B0E6424-51FE-4028-31B6-ED9C4AFDBEE2} = {08332F7A-6EB1-3FD3-AEB7-723299A3BE9E}
		{D084F154-D7C5-7946-CBFE-3CE4C0D608F5} = {08332F7A-6EB1-3FD3-AEB7-723299A3BE9E}
		{CB103E2C-98B1-47AB-63BB-937E9F4E33AB} = {08332F7A-6EB1-3FD3-AEB7-723299A3BE9E}
		{6169040C-2B1E-03D2-EBE0-DCDB4AA6A354} = {08332F7A-6EB1-3FD3-AEB7-723299A3BE9E}
		{E3CB8BAD-F3AE-26D4-4371-1232D5BACDC6} = {08332F7A-6EB1-3FD3-AEB7-723299A3BE9E}
	EndGlobalSection
	GlobalSection(ExtensibilityGlobals) = postSolution
		SolutionGuid = {5C784024-3EDF-46A4-84FB-2EE4E878861F}
	EndGlobalSection
EndGlobal
